
Microsoft Visual Studio Solution File, Format Version 12.00
# Visual Studio 15
VisualStudioVersion = 15.0.28307.1169
MinimumVisualStudioVersion = 10.0.40219.1
Project("{FAE04EC0-301F-11D3-BF4B-00C04F79EFBC}") = "Capmon-Assignment", "Capmon-Assignment\Capmon-Assignment.csproj", "{695BA699-A459-4C9C-8B22-335639A73570}"
EndProject
Global
	GlobalSection(SolutionConfigurationPlatforms) = preSolution
		Debug|Any CPU = Debug|Any CPU
		Release|Any CPU = Release|Any CPU
	EndGlobalSection
	GlobalSection(ProjectConfigurationPlatforms) = postSolution
		{695BA699-A459-4C9C-8B22-335639A73570}.Debug|Any CPU.ActiveCfg = Debug|Any CPU
		{695BA699-A459-4C9C-8B22-335639A73570}.Debug|Any CPU.Build.0 = Debug|Any CPU
		{695BA699-A459-4C9C-8B22-335639A73570}.Release|Any CPU.ActiveCfg = Release|Any CPU
		{695BA699-A459-4C9C-8B22-335639A73570}.Release|Any CPU.Build.0 = Release|Any CPU
	EndGlobalSection
	GlobalSection(SolutionProperties) = preSolution
		HideSolutionNode = FALSE
	EndGlobalSection
	GlobalSection(ExtensibilityGlobals) = postSolution
		SolutionGuid = {1079C350-7A3F-485E-9E44-5A7345AF508E}
	EndGlobalSection
EndGlobal
